
Microsoft Visual Studio Solution File, Format Version 12.00
# Visual Studio Version 17
VisualStudioVersion = 17.1.32414.318
MinimumVisualStudioVersion = 10.0.40219.1
Project("{FAE04EC0-301F-11D3-BF4B-00C04F79EFBC}") = "GymManager.UI", "GymManager.UI\GymManager.UI.csproj", "{E7C0BEB6-A88B-4003-B403-36C92B01E7E4}"
EndProject
Project("{FAE04EC0-301F-11D3-BF4B-00C04F79EFBC}") = "GymManager.Domain", "GymManager.Domain\GymManager.Domain.csproj", "{6448D03F-DEE1-417D-B108-0A4DE2E9845B}"
EndProject
Project("{FAE04EC0-301F-11D3-BF4B-00C04F79EFBC}") = "GymManager.Application", "GymManager.Application\GymManager.Application.csproj", "{F04D0C84-8863-4C1B-A01C-2817573BAB25}"
EndProject
Project("{FAE04EC0-301F-11D3-BF4B-00C04F79EFBC}") = "GymManager.Infrastructure", "GymManager.Infrastructure\GymManager.Infrastructure.csproj", "{D6D5C6C9-A9F1-47CD-B7B8-CF5C13F7510E}"
EndProject
Global
	GlobalSection(SolutionConfigurationPlatforms) = preSolution
		Debug|Any CPU = Debug|Any CPU
		Release|Any CPU = Release|Any CPU
	EndGlobalSection
	GlobalSection(ProjectConfigurationPlatforms) = postSolution
		{E7C0BEB6-A88B-4003-B403-36C92B01E7E4}.Debug|Any CPU.ActiveCfg = Debug|Any CPU
		{E7C0BEB6-A88B-4003-B403-36C92B01E7E4}.Debug|Any CPU.Build.0 = Debug|Any CPU
		{E7C0BEB6-A88B-4003-B403-36C92B01E7E4}.Release|Any CPU.ActiveCfg = Release|Any CPU
		{E7C0BEB6-A88B-4003-B403-36C92B01E7E4}.Release|Any CPU.Build.0 = Release|Any CPU
		{6448D03F-DEE1-417D-B108-0A4DE2E9845B}.Debug|Any CPU.ActiveCfg = Debug|Any CPU
		{6448D03F-DEE1-417D-B108-0A4DE2E9845B}.Debug|Any CPU.Build.0 = Debug|Any CPU
		{6448D03F-DEE1-417D-B108-0A4DE2E9845B}.Release|Any CPU.ActiveCfg = Release|Any CPU
		{6448D03F-DEE1-417D-B108-0A4DE2E9845B}.Release|Any CPU.Build.0 = Release|Any CPU
		{F04D0C84-8863-4C1B-A01C-2817573BAB25}.Debug|Any CPU.ActiveCfg = Debug|Any CPU
		{F04D0C84-8863-4C1B-A01C-2817573BAB25}.Debug|Any CPU.Build.0 = Debug|Any CPU
		{F04D0C84-8863-4C1B-A01C-2817573BAB25}.Release|Any CPU.ActiveCfg = Release|Any CPU
		{F04D0C84-8863-4C1B-A01C-2817573BAB25}.Release|Any CPU.Build.0 = Release|Any CPU
		{D6D5C6C9-A9F1-47CD-B7B8-CF5C13F7510E}.Debug|Any CPU.ActiveCfg = Debug|Any CPU
		{D6D5C6C9-A9F1-47CD-B7B8-CF5C13F7510E}.Debug|Any CPU.Build.0 = Debug|Any CPU
		{D6D5C6C9-A9F1-47CD-B7B8-CF5C13F7510E}.Release|Any CPU.ActiveCfg = Release|Any CPU
		{D6D5C6C9-A9F1-47CD-B7B8-CF5C13F7510E}.Release|Any CPU.Build.0 = Release|Any CPU
	EndGlobalSection
	GlobalSection(SolutionProperties) = preSolution
		HideSolutionNode = FALSE
	EndGlobalSection
	GlobalSection(ExtensibilityGlobals) = postSolution
		SolutionGuid = {248E5D64-8D12-464A-BBD4-190AA9E4CD8E}
	EndGlobalSection
EndGlobal
